
Microsoft Visual Studio Solution File, Format Version 12.00
# Visual Studio Version 16
VisualStudioVersion = 16.0.29424.173
MinimumVisualStudioVersion = 10.0.40219.1
Project("{FAE04EC0-301F-11D3-BF4B-00C04F79EFBC}") = "MyWebService", "MyWebService\MyWebService.csproj", "{7D1827BF-D49B-4739-8022-6D01CD153C20}"
EndProject
Project("{FAE04EC0-301F-11D3-BF4B-00C04F79EFBC}") = "MyWebService.Tests", "MyWebService.Tests\MyWebService.Tests.csproj", "{D99CEDB1-4B8C-4BD6-B74A-75EB80C8D7B2}"
EndProject
Global
	GlobalSection(SolutionConfigurationPlatforms) = preSolution
		Debug|Any CPU = Debug|Any CPU
		Release|Any CPU = Release|Any CPU
	EndGlobalSection
	GlobalSection(ProjectConfigurationPlatforms) = postSolution
		{7D1827BF-D49B-4739-8022-6D01CD153C20}.Debug|Any CPU.ActiveCfg = Debug|Any CPU
		{7D1827BF-D49B-4739-8022-6D01CD153C20}.Debug|Any CPU.Build.0 = Debug|Any CPU
		{7D1827BF-D49B-4739-8022-6D01CD153C20}.Release|Any CPU.ActiveCfg = Release|Any CPU
		{7D1827BF-D49B-4739-8022-6D01CD153C20}.Release|Any CPU.Build.0 = Release|Any CPU
		{D99CEDB1-4B8C-4BD6-B74A-75EB80C8D7B2}.Debug|Any CPU.ActiveCfg = Debug|Any CPU
		{D99CEDB1-4B8C-4BD6-B74A-75EB80C8D7B2}.Debug|Any CPU.Build.0 = Debug|Any CPU
		{D99CEDB1-4B8C-4BD6-B74A-75EB80C8D7B2}.Release|Any CPU.ActiveCfg = Release|Any CPU
		{D99CEDB1-4B8C-4BD6-B74A-75EB80C8D7B2}.Release|Any CPU.Build.0 = Release|Any CPU
	EndGlobalSection
	GlobalSection(SolutionProperties) = preSolution
		HideSolutionNode = FALSE
	EndGlobalSection
	GlobalSection(ExtensibilityGlobals) = postSolution
		SolutionGuid = {1DEA1BC5-1E29-457F-B391-DA584754FA88}
	EndGlobalSection
EndGlobal
